// !$*UTF8*$!
{
	archiveVersion = 1;
	classes = {
	};
	objectVersion = 48;
	objects = {

/* Begin PBXBuildFile section */
		10670D9C0E789AAB8AAF3302 /* Pods_iDareUTests.framework in Frameworks */ = {isa = PBXBuildFile; fileRef = 68BC0A2858C8EB5218EE7B8D /* Pods_iDareUTests.framework */; };
		65BC3DB80960A0392E4DCD0D /* Pods_iDareU.framework in Frameworks */ = {isa = PBXBuildFile; fileRef = E7B6927FEBD7FABA885F4A44 /* Pods_iDareU.framework */; };
		760531C5201FE87C009F9B05 /* ViewChallenge.storyboard in Resources */ = {isa = PBXBuildFile; fileRef = 760531C4201FE87C009F9B05 /* ViewChallenge.storyboard */; };
		760531D2201FECCC009F9B05 /* Local.swift in Sources */ = {isa = PBXBuildFile; fileRef = 760531D1201FECCC009F9B05 /* Local.swift */; };
		760531DB201FFD00009F9B05 /* Session.xcdatamodeld in Sources */ = {isa = PBXBuildFile; fileRef = 760531CA201FEAC6009F9B05 /* Session.xcdatamodeld */; };
		760D91B2201EE1C000628725 /* ErrorModel.swift in Sources */ = {isa = PBXBuildFile; fileRef = 760D91B1201EE1C000628725 /* ErrorModel.swift */; };
		7622385D202CDB3F00291AB6 /* ChallengeReward.storyboard in Resources */ = {isa = PBXBuildFile; fileRef = 7622385C202CDB3F00291AB6 /* ChallengeReward.storyboard */; };
		762296F7200A930A00D09D12 /* FriendsViewController.swift in Sources */ = {isa = PBXBuildFile; fileRef = 762296F6200A930A00D09D12 /* FriendsViewController.swift */; };
		762296F9200A961900D09D12 /* FriendFeedViewCell.swift in Sources */ = {isa = PBXBuildFile; fileRef = 762296F8200A961900D09D12 /* FriendFeedViewCell.swift */; };
		7627C2EE204892EB008A0074 /* Data.swift in Sources */ = {isa = PBXBuildFile; fileRef = 7627C2ED204892EB008A0074 /* Data.swift */; };
		7629D8E8204A9857009C4A90 /* SelectTaker.storyboard in Resources */ = {isa = PBXBuildFile; fileRef = 7629D8E7204A9857009C4A90 /* SelectTaker.storyboard */; };
		7629D8EA204A9FA9009C4A90 /* TakerNavigationController.swift in Sources */ = {isa = PBXBuildFile; fileRef = 7629D8E9204A9FA9009C4A90 /* TakerNavigationController.swift */; };
		7630D9F72022C39B00C5603B /* PreviewViewController.swift in Sources */ = {isa = PBXBuildFile; fileRef = 7630D9F62022C39B00C5603B /* PreviewViewController.swift */; };
		763688C12003036C00129279 /* StatusViewController.swift in Sources */ = {isa = PBXBuildFile; fileRef = 763688C02003036C00129279 /* StatusViewController.swift */; };
		76376136202064CB006BE727 /* PendingChallTVCell.swift in Sources */ = {isa = PBXBuildFile; fileRef = 76376135202064CB006BE727 /* PendingChallTVCell.swift */; };
		763B13F220217D97006DC47E /* SegueAnimation.swift in Sources */ = {isa = PBXBuildFile; fileRef = 763B13F120217D97006DC47E /* SegueAnimation.swift */; };
		763BC54A2022D04D00F57BD4 /* SelectTakerTableViewController.swift in Sources */ = {isa = PBXBuildFile; fileRef = 763BC5492022D04D00F57BD4 /* SelectTakerTableViewController.swift */; };
		763BC54C2022D5D100F57BD4 /* Button.swift in Sources */ = {isa = PBXBuildFile; fileRef = 763BC54B2022D5D100F57BD4 /* Button.swift */; };
		763BC54E2022D8F000F57BD4 /* SelectTakerTVCell.swift in Sources */ = {isa = PBXBuildFile; fileRef = 763BC54D2022D8F000F57BD4 /* SelectTakerTVCell.swift */; };
		763FA65B2031156E00D7A46B /* Assets.xcassets in Resources */ = {isa = PBXBuildFile; fileRef = 763FA65A2031156E00D7A46B /* Assets.xcassets */; };
		763FA65D2031291500D7A46B /* NavigationController.swift in Sources */ = {isa = PBXBuildFile; fileRef = 763FA65C2031291500D7A46B /* NavigationController.swift */; };
		76407EB32034161700163545 /* ServerResponseModel.swift in Sources */ = {isa = PBXBuildFile; fileRef = 76407EB22034161700163545 /* ServerResponseModel.swift */; };
		7645385920012DB5004A96F7 /* Create.storyboard in Resources */ = {isa = PBXBuildFile; fileRef = 7645385820012DB5004A96F7 /* Create.storyboard */; };
		7645385F2001421C004A96F7 /* Extensions.swift in Sources */ = {isa = PBXBuildFile; fileRef = 7645385B2001421B004A96F7 /* Extensions.swift */; };
		7650EA14200095080011125B /* AppDelegate.swift in Sources */ = {isa = PBXBuildFile; fileRef = 7650EA13200095080011125B /* AppDelegate.swift */; };
		7650EA16200095080011125B /* CaptureVideoViewController.swift in Sources */ = {isa = PBXBuildFile; fileRef = 7650EA15200095080011125B /* CaptureVideoViewController.swift */; };
		7650EA1B200095080011125B /* Main.storyboard in Resources */ = {isa = PBXBuildFile; fileRef = 7650EA19200095080011125B /* Main.storyboard */; };
		7650EA20200095080011125B /* LaunchScreen.storyboard in Resources */ = {isa = PBXBuildFile; fileRef = 7650EA1E200095080011125B /* LaunchScreen.storyboard */; };
		7650EA2B200095080011125B /* iDareUTests.swift in Sources */ = {isa = PBXBuildFile; fileRef = 7650EA2A200095080011125B /* iDareUTests.swift */; };
		7650EA36200095080011125B /* iDareUUITests.swift in Sources */ = {isa = PBXBuildFile; fileRef = 7650EA35200095080011125B /* iDareUUITests.swift */; };
		765A09D82017BB5D0004A67D /* LoginViewController.swift in Sources */ = {isa = PBXBuildFile; fileRef = 765A09D72017BB5D0004A67D /* LoginViewController.swift */; };
		765A09DD2017BE950004A67D /* Router.storyboard in Resources */ = {isa = PBXBuildFile; fileRef = 765A09DC2017BE950004A67D /* Router.storyboard */; };
		765A09DF2017BF0C0004A67D /* Login.storyboard in Resources */ = {isa = PBXBuildFile; fileRef = 765A09DE2017BF0C0004A67D /* Login.storyboard */; };
		765EF5662002CBEB006B36B0 /* Animation.swift in Sources */ = {isa = PBXBuildFile; fileRef = 765EF5652002CBEB006B36B0 /* Animation.swift */; };
		765EF5682002EB33006B36B0 /* FriendViewModel.swift in Sources */ = {isa = PBXBuildFile; fileRef = 765EF5672002EB33006B36B0 /* FriendViewModel.swift */; };
		76682213201E5C6800F52659 /* RouterTabBarController.swift in Sources */ = {isa = PBXBuildFile; fileRef = 76682212201E5C6800F52659 /* RouterTabBarController.swift */; };
		7675178E2009746400481464 /* Friends.storyboard in Resources */ = {isa = PBXBuildFile; fileRef = 7675178D2009746400481464 /* Friends.storyboard */; };
		767637C1202E567F0038D9E2 /* awsconfiguration.json in Resources */ = {isa = PBXBuildFile; fileRef = 767637C0202E567F0038D9E2 /* awsconfiguration.json */; };
		76789C9920205D9300024019 /* MeInitialViewController.swift in Sources */ = {isa = PBXBuildFile; fileRef = 76789C9820205D9300024019 /* MeInitialViewController.swift */; };
		767A64C1201AF54A00EF0F84 /* CoreModel.swift in Sources */ = {isa = PBXBuildFile; fileRef = 767A64C0201AF54A00EF0F84 /* CoreModel.swift */; };
		767D1EA920250E6A0098DF47 /* SetupChallengeViewController.swift in Sources */ = {isa = PBXBuildFile; fileRef = 767D1EA820250E6A0098DF47 /* SetupChallengeViewController.swift */; };
		768206EC2033A9E2004E049C /* LabelController.swift in Sources */ = {isa = PBXBuildFile; fileRef = 768206EB2033A9E2004E049C /* LabelController.swift */; };
		7692CE6A2033EA87001FFFBC /* Profile.storyboard in Resources */ = {isa = PBXBuildFile; fileRef = 7692CE692033EA87001FFFBC /* Profile.storyboard */; };
		7692CE6E2033EE4D001FFFBC /* AddFriendsTableViewController.swift in Sources */ = {isa = PBXBuildFile; fileRef = 7692CE6D2033EE4D001FFFBC /* AddFriendsTableViewController.swift */; };
		7692CE702033F610001FFFBC /* MyFriendsTableViewController.swift in Sources */ = {isa = PBXBuildFile; fileRef = 7692CE6F2033F610001FFFBC /* MyFriendsTableViewController.swift */; };
		7692CE732033F97B001FFFBC /* FriendsTVCell.swift in Sources */ = {isa = PBXBuildFile; fileRef = 7692CE722033F97B001FFFBC /* FriendsTVCell.swift */; };
		7696C998201698560074717E /* Server.swift in Sources */ = {isa = PBXBuildFile; fileRef = 7696C997201698560074717E /* Server.swift */; };
		76A918EA20095A7B00BE27A1 /* CommunityViewCell.swift in Sources */ = {isa = PBXBuildFile; fileRef = 76A918E920095A7B00BE27A1 /* CommunityViewCell.swift */; };
		76AA3F3320204BAB0038DAD9 /* MeViewController.swift in Sources */ = {isa = PBXBuildFile; fileRef = 76AA3F3220204BAB0038DAD9 /* MeViewController.swift */; };
		76AA3F372020583E0038DAD9 /* PendingChallViewController.swift in Sources */ = {isa = PBXBuildFile; fileRef = 76AA3F362020583E0038DAD9 /* PendingChallViewController.swift */; };
		76AA3F39202058B90038DAD9 /* CompletedChallViewController.swift in Sources */ = {isa = PBXBuildFile; fileRef = 76AA3F38202058B90038DAD9 /* CompletedChallViewController.swift */; };
		76AC733B20258BCD0072C7BF /* SelectSponsorTableViewController.swift in Sources */ = {isa = PBXBuildFile; fileRef = 76AC733A20258BCD0072C7BF /* SelectSponsorTableViewController.swift */; };
		76AEB2DC201FC87B00953919 /* ChallengeModel.swift in Sources */ = {isa = PBXBuildFile; fileRef = 76AEB2DB201FC87B00953919 /* ChallengeModel.swift */; };
		76B1F131202E66B100AF6BE6 /* FBSDKCoreKit.framework in Frameworks */ = {isa = PBXBuildFile; fileRef = 76B1F132202E66B100AF6BE6 /* FBSDKCoreKit.framework */; };
		76B1F134202E66BF00AF6BE6 /* FBSDKLoginKit.framework in Frameworks */ = {isa = PBXBuildFile; fileRef = 76B1F136202E66BF00AF6BE6 /* FBSDKLoginKit.framework */; };
		76B1FBAC20009E9D00402173 /* Me.storyboard in Resources */ = {isa = PBXBuildFile; fileRef = 76B1FBAB20009E9D00402173 /* Me.storyboard */; };
		76B1FBAE2000A07100402173 /* Community.storyboard in Resources */ = {isa = PBXBuildFile; fileRef = 76B1FBAD2000A07100402173 /* Community.storyboard */; };
		76B1FBB02000A0C700402173 /* CommunityViewController.swift in Sources */ = {isa = PBXBuildFile; fileRef = 76B1FBAF2000A0C700402173 /* CommunityViewController.swift */; };
		76B20006203400270040934B /* ProfileNaviController.swift in Sources */ = {isa = PBXBuildFile; fileRef = 76B20005203400270040934B /* ProfileNaviController.swift */; };
		76BD233F20302A4C00C360CA /* MainViewController.swift in Sources */ = {isa = PBXBuildFile; fileRef = 76BD233E20302A4C00C360CA /* MainViewController.swift */; };
		76C3F8BE2063232B00266F7E /* CameraController.swift in Sources */ = {isa = PBXBuildFile; fileRef = 76C3F8BD2063232B00266F7E /* CameraController.swift */; };
		76C555F42030BD240045603F /* Media.swift in Sources */ = {isa = PBXBuildFile; fileRef = 76C555F32030BD240045603F /* Media.swift */; };
		76C96848206721B40018E270 /* ViewResponses.storyboard in Resources */ = {isa = PBXBuildFile; fileRef = 76C96847206721B40018E270 /* ViewResponses.storyboard */; };
		76CDF83720200EF90098948C /* MyStatusView.swift in Sources */ = {isa = PBXBuildFile; fileRef = 76CDF83620200EF90098948C /* MyStatusView.swift */; };
		76CF47152021A0E700E7E5BF /* MeGenericViewController.swift in Sources */ = {isa = PBXBuildFile; fileRef = 76CF47142021A0E700E7E5BF /* MeGenericViewController.swift */; };
		76CF47172021AC3300E7E5BF /* CreateViewController.swift in Sources */ = {isa = PBXBuildFile; fileRef = 76CF47162021AC3300E7E5BF /* CreateViewController.swift */; };
		76D4462A20672C8100273D6C /* ViewAllResponsesController.swift in Sources */ = {isa = PBXBuildFile; fileRef = 76D4462920672C8100273D6C /* ViewAllResponsesController.swift */; };
		76D4462C20672FF700273D6C /* ViewResponseViewCell.swift in Sources */ = {isa = PBXBuildFile; fileRef = 76D4462B20672FF700273D6C /* ViewResponseViewCell.swift */; };
		76DDEEAB201929CD002CBE52 /* iDareU.xcdatamodeld in Sources */ = {isa = PBXBuildFile; fileRef = 76DDEEA9201929CD002CBE52 /* iDareU.xcdatamodeld */; };
		76DE5F5920646A140076DA4E /* Camera.storyboard in Resources */ = {isa = PBXBuildFile; fileRef = 76DE5F5820646A140076DA4E /* Camera.storyboard */; };
		76DE5F5B20646BA60076DA4E /* PreviewController.swift in Sources */ = {isa = PBXBuildFile; fileRef = 76DE5F5A20646BA60076DA4E /* PreviewController.swift */; };
		76E1BBD92066280800764131 /* CompletedChallTVCell.swift in Sources */ = {isa = PBXBuildFile; fileRef = 76E1BBD82066280800764131 /* CompletedChallTVCell.swift */; };
		76E7396C202FE5CE00A2EDBC /* TestData.swift in Sources */ = {isa = PBXBuildFile; fileRef = 760F7F88201E7D86001A38BF /* TestData.swift */; };
		76E7396E202FEA4400A2EDBC /* ViewChallengeController.swift in Sources */ = {isa = PBXBuildFile; fileRef = 76E7396D202FEA4400A2EDBC /* ViewChallengeController.swift */; };
		76EA6B6A20211B9000AC40CA /* CreatedChallTVCell.swift in Sources */ = {isa = PBXBuildFile; fileRef = 76EA6B6920211B9000AC40CA /* CreatedChallTVCell.swift */; };
		76EA6B6C202127ED00AC40CA /* UpdateChallengeRewardViewController.swift in Sources */ = {isa = PBXBuildFile; fileRef = 76EA6B6B202127ED00AC40CA /* UpdateChallengeRewardViewController.swift */; };
		76EC146120167B1600C73DFC /* Signup.storyboard in Resources */ = {isa = PBXBuildFile; fileRef = 76EC146020167B1600C73DFC /* Signup.storyboard */; };
		76EC146320167E5B00C73DFC /* SignupViewController.swift in Sources */ = {isa = PBXBuildFile; fileRef = 76EC146220167E5B00C73DFC /* SignupViewController.swift */; };
		76EC14652016861E00C73DFC /* SignupFormValidationModel.swift in Sources */ = {isa = PBXBuildFile; fileRef = 76EC14642016861E00C73DFC /* SignupFormValidationModel.swift */; };
		76EC14672016864500C73DFC /* ValidationError.swift in Sources */ = {isa = PBXBuildFile; fileRef = 76EC14662016864500C73DFC /* ValidationError.swift */; };
		76EC1469201686DE00C73DFC /* SignupValidationManager.swift in Sources */ = {isa = PBXBuildFile; fileRef = 76EC1468201686DE00C73DFC /* SignupValidationManager.swift */; };
		76FB05B32016EE49006E3406 /* Tester.swift in Sources */ = {isa = PBXBuildFile; fileRef = 76FB05B22016EE49006E3406 /* Tester.swift */; };
		76FC08E9201ECBAB008F9902 /* SponsoredChallViewController.swift in Sources */ = {isa = PBXBuildFile; fileRef = 76FC08E8201ECBAB008F9902 /* SponsoredChallViewController.swift */; };
		76FC08ED201ED323008F9902 /* GenericUIViewController.swift in Sources */ = {isa = PBXBuildFile; fileRef = 76FC08EC201ED323008F9902 /* GenericUIViewController.swift */; };
		CF5C1E8A87A5AB858324877C /* Pods_iDareUUITests.framework in Frameworks */ = {isa = PBXBuildFile; fileRef = 5E0BA0D61879B3D7387BDC7D /* Pods_iDareUUITests.framework */; };
/* End PBXBuildFile section */

/* Begin PBXContainerItemProxy section */
		7650EA27200095080011125B /* PBXContainerItemProxy */ = {
			isa = PBXContainerItemProxy;
			containerPortal = 7650EA08200095070011125B /* Project object */;
			proxyType = 1;
			remoteGlobalIDString = 7650EA0F200095080011125B;
			remoteInfo = iDareU;
		};
		7650EA32200095080011125B /* PBXContainerItemProxy */ = {
			isa = PBXContainerItemProxy;
			containerPortal = 7650EA08200095070011125B /* Project object */;
			proxyType = 1;
			remoteGlobalIDString = 7650EA0F200095080011125B;
			remoteInfo = iDareU;
		};
/* End PBXContainerItemProxy section */

/* Begin PBXFileReference section */
		3DD3C8E7632D58236CE2234B /* Pods-iDareUTests.debug.xcconfig */ = {isa = PBXFileReference; includeInIndex = 1; lastKnownFileType = text.xcconfig; name = "Pods-iDareUTests.debug.xcconfig"; path = "Pods/Target Support Files/Pods-iDareUTests/Pods-iDareUTests.debug.xcconfig"; sourceTree = "<group>"; };
		58106837039975944E0C5076 /* Pods-iDareUTests.release.xcconfig */ = {isa = PBXFileReference; includeInIndex = 1; lastKnownFileType = text.xcconfig; name = "Pods-iDareUTests.release.xcconfig"; path = "Pods/Target Support Files/Pods-iDareUTests/Pods-iDareUTests.release.xcconfig"; sourceTree = "<group>"; };
		5DA3AEA9EE6ACB088D592DB5 /* Pods-iDareU.debug.xcconfig */ = {isa = PBXFileReference; includeInIndex = 1; lastKnownFileType = text.xcconfig; name = "Pods-iDareU.debug.xcconfig"; path = "Pods/Target Support Files/Pods-iDareU/Pods-iDareU.debug.xcconfig"; sourceTree = "<group>"; };
		5E0BA0D61879B3D7387BDC7D /* Pods_iDareUUITests.framework */ = {isa = PBXFileReference; explicitFileType = wrapper.framework; includeInIndex = 0; path = Pods_iDareUUITests.framework; sourceTree = BUILT_PRODUCTS_DIR; };
		68BC0A2858C8EB5218EE7B8D /* Pods_iDareUTests.framework */ = {isa = PBXFileReference; explicitFileType = wrapper.framework; includeInIndex = 0; path = Pods_iDareUTests.framework; sourceTree = BUILT_PRODUCTS_DIR; };
		72B9BB2359CF45DCBDCD06B1 /* Pods-iDareUUITests.release.xcconfig */ = {isa = PBXFileReference; includeInIndex = 1; lastKnownFileType = text.xcconfig; name = "Pods-iDareUUITests.release.xcconfig"; path = "Pods/Target Support Files/Pods-iDareUUITests/Pods-iDareUUITests.release.xcconfig"; sourceTree = "<group>"; };
		760531C4201FE87C009F9B05 /* ViewChallenge.storyboard */ = {isa = PBXFileReference; lastKnownFileType = file.storyboard; path = ViewChallenge.storyboard; sourceTree = "<group>"; };
		760531CB201FEAC6009F9B05 /* SessionTracker.xcdatamodel */ = {isa = PBXFileReference; lastKnownFileType = wrapper.xcdatamodel; path = SessionTracker.xcdatamodel; sourceTree = "<group>"; };
		760531D1201FECCC009F9B05 /* Local.swift */ = {isa = PBXFileReference; lastKnownFileType = sourcecode.swift; path = Local.swift; sourceTree = "<group>"; };
		760D91B1201EE1C000628725 /* ErrorModel.swift */ = {isa = PBXFileReference; lastKnownFileType = sourcecode.swift; path = ErrorModel.swift; sourceTree = "<group>"; };
		760F7F88201E7D86001A38BF /* TestData.swift */ = {isa = PBXFileReference; lastKnownFileType = sourcecode.swift; path = TestData.swift; sourceTree = "<group>"; };
		7622385C202CDB3F00291AB6 /* ChallengeReward.storyboard */ = {isa = PBXFileReference; fileEncoding = 4; lastKnownFileType = file.storyboard; path = ChallengeReward.storyboard; sourceTree = "<group>"; };
		762296F6200A930A00D09D12 /* FriendsViewController.swift */ = {isa = PBXFileReference; lastKnownFileType = sourcecode.swift; path = FriendsViewController.swift; sourceTree = "<group>"; };
		762296F8200A961900D09D12 /* FriendFeedViewCell.swift */ = {isa = PBXFileReference; lastKnownFileType = sourcecode.swift; path = FriendFeedViewCell.swift; sourceTree = "<group>"; };
		7627C2ED204892EB008A0074 /* Data.swift */ = {isa = PBXFileReference; lastKnownFileType = sourcecode.swift; path = Data.swift; sourceTree = "<group>"; };
		7629D8E7204A9857009C4A90 /* SelectTaker.storyboard */ = {isa = PBXFileReference; fileEncoding = 4; lastKnownFileType = file.storyboard; path = SelectTaker.storyboard; sourceTree = "<group>"; };
		7629D8E9204A9FA9009C4A90 /* TakerNavigationController.swift */ = {isa = PBXFileReference; lastKnownFileType = sourcecode.swift; path = TakerNavigationController.swift; sourceTree = "<group>"; };
		7630D9F62022C39B00C5603B /* PreviewViewController.swift */ = {isa = PBXFileReference; lastKnownFileType = sourcecode.swift; path = PreviewViewController.swift; sourceTree = "<group>"; };
		763688C02003036C00129279 /* StatusViewController.swift */ = {isa = PBXFileReference; lastKnownFileType = sourcecode.swift; path = StatusViewController.swift; sourceTree = "<group>"; };
		76376135202064CB006BE727 /* PendingChallTVCell.swift */ = {isa = PBXFileReference; lastKnownFileType = sourcecode.swift; path = PendingChallTVCell.swift; sourceTree = "<group>"; };
		763B13F120217D97006DC47E /* SegueAnimation.swift */ = {isa = PBXFileReference; lastKnownFileType = sourcecode.swift; path = SegueAnimation.swift; sourceTree = "<group>"; };
		763BC5492022D04D00F57BD4 /* SelectTakerTableViewController.swift */ = {isa = PBXFileReference; lastKnownFileType = sourcecode.swift; path = SelectTakerTableViewController.swift; sourceTree = "<group>"; };
		763BC54B2022D5D100F57BD4 /* Button.swift */ = {isa = PBXFileReference; lastKnownFileType = sourcecode.swift; path = Button.swift; sourceTree = "<group>"; };
		763BC54D2022D8F000F57BD4 /* SelectTakerTVCell.swift */ = {isa = PBXFileReference; lastKnownFileType = sourcecode.swift; path = SelectTakerTVCell.swift; sourceTree = "<group>"; };
		763E2D8C202FE347003B5E2D /* AWSS3.framework */ = {isa = PBXFileReference; explicitFileType = wrapper.framework; path = AWSS3.framework; sourceTree = BUILT_PRODUCTS_DIR; };
		763FA65A2031156E00D7A46B /* Assets.xcassets */ = {isa = PBXFileReference; lastKnownFileType = folder.assetcatalog; path = Assets.xcassets; sourceTree = "<group>"; };
		763FA65C2031291500D7A46B /* NavigationController.swift */ = {isa = PBXFileReference; lastKnownFileType = sourcecode.swift; path = NavigationController.swift; sourceTree = "<group>"; };
		76407EB22034161700163545 /* ServerResponseModel.swift */ = {isa = PBXFileReference; lastKnownFileType = sourcecode.swift; path = ServerResponseModel.swift; sourceTree = "<group>"; };
		7645385820012DB5004A96F7 /* Create.storyboard */ = {isa = PBXFileReference; fileEncoding = 4; lastKnownFileType = file.storyboard; path = Create.storyboard; sourceTree = "<group>"; };
		7645385B2001421B004A96F7 /* Extensions.swift */ = {isa = PBXFileReference; fileEncoding = 4; lastKnownFileType = sourcecode.swift; path = Extensions.swift; sourceTree = "<group>"; };
		7650EA10200095080011125B /* iDareU.app */ = {isa = PBXFileReference; explicitFileType = wrapper.application; includeInIndex = 0; path = iDareU.app; sourceTree = BUILT_PRODUCTS_DIR; };
		7650EA13200095080011125B /* AppDelegate.swift */ = {isa = PBXFileReference; lastKnownFileType = sourcecode.swift; path = AppDelegate.swift; sourceTree = "<group>"; };
		7650EA15200095080011125B /* CaptureVideoViewController.swift */ = {isa = PBXFileReference; lastKnownFileType = sourcecode.swift; path = CaptureVideoViewController.swift; sourceTree = "<group>"; };
		7650EA1A200095080011125B /* Base */ = {isa = PBXFileReference; lastKnownFileType = file.storyboard; name = Base; path = Base.lproj/Main.storyboard; sourceTree = "<group>"; };
		7650EA1F200095080011125B /* Base */ = {isa = PBXFileReference; lastKnownFileType = file.storyboard; name = Base; path = Base.lproj/LaunchScreen.storyboard; sourceTree = "<group>"; };
		7650EA21200095080011125B /* Info.plist */ = {isa = PBXFileReference; lastKnownFileType = text.plist.xml; path = Info.plist; sourceTree = "<group>"; };
		7650EA26200095080011125B /* iDareUTests.xctest */ = {isa = PBXFileReference; explicitFileType = wrapper.cfbundle; includeInIndex = 0; path = iDareUTests.xctest; sourceTree = BUILT_PRODUCTS_DIR; };
		7650EA2A200095080011125B /* iDareUTests.swift */ = {isa = PBXFileReference; lastKnownFileType = sourcecode.swift; path = iDareUTests.swift; sourceTree = "<group>"; };
		7650EA2C200095080011125B /* Info.plist */ = {isa = PBXFileReference; lastKnownFileType = text.plist.xml; path = Info.plist; sourceTree = "<group>"; };
		7650EA31200095080011125B /* iDareUUITests.xctest */ = {isa = PBXFileReference; explicitFileType = wrapper.cfbundle; includeInIndex = 0; path = iDareUUITests.xctest; sourceTree = BUILT_PRODUCTS_DIR; };
		7650EA35200095080011125B /* iDareUUITests.swift */ = {isa = PBXFileReference; lastKnownFileType = sourcecode.swift; path = iDareUUITests.swift; sourceTree = "<group>"; };
		7650EA37200095080011125B /* Info.plist */ = {isa = PBXFileReference; lastKnownFileType = text.plist.xml; path = Info.plist; sourceTree = "<group>"; };
		765A09D72017BB5D0004A67D /* LoginViewController.swift */ = {isa = PBXFileReference; lastKnownFileType = sourcecode.swift; path = LoginViewController.swift; sourceTree = "<group>"; };
		765A09DC2017BE950004A67D /* Router.storyboard */ = {isa = PBXFileReference; lastKnownFileType = file.storyboard; path = Router.storyboard; sourceTree = "<group>"; };
		765A09DE2017BF0C0004A67D /* Login.storyboard */ = {isa = PBXFileReference; lastKnownFileType = file.storyboard; path = Login.storyboard; sourceTree = "<group>"; };
		765EF5652002CBEB006B36B0 /* Animation.swift */ = {isa = PBXFileReference; fileEncoding = 4; lastKnownFileType = sourcecode.swift; path = Animation.swift; sourceTree = "<group>"; };
		765EF5672002EB33006B36B0 /* FriendViewModel.swift */ = {isa = PBXFileReference; lastKnownFileType = sourcecode.swift; path = FriendViewModel.swift; sourceTree = "<group>"; };
		76682212201E5C6800F52659 /* RouterTabBarController.swift */ = {isa = PBXFileReference; lastKnownFileType = sourcecode.swift; path = RouterTabBarController.swift; sourceTree = "<group>"; };
		7675178D2009746400481464 /* Friends.storyboard */ = {isa = PBXFileReference; lastKnownFileType = file.storyboard; path = Friends.storyboard; sourceTree = "<group>"; };
		767637C0202E567F0038D9E2 /* awsconfiguration.json */ = {isa = PBXFileReference; fileEncoding = 4; lastKnownFileType = text.json; path = awsconfiguration.json; sourceTree = "<group>"; };
		76789C9820205D9300024019 /* MeInitialViewController.swift */ = {isa = PBXFileReference; lastKnownFileType = sourcecode.swift; path = MeInitialViewController.swift; sourceTree = "<group>"; };
		767A64C0201AF54A00EF0F84 /* CoreModel.swift */ = {isa = PBXFileReference; lastKnownFileType = sourcecode.swift; path = CoreModel.swift; sourceTree = "<group>"; };
		767D1EA820250E6A0098DF47 /* SetupChallengeViewController.swift */ = {isa = PBXFileReference; lastKnownFileType = sourcecode.swift; path = SetupChallengeViewController.swift; sourceTree = "<group>"; };
		768206EB2033A9E2004E049C /* LabelController.swift */ = {isa = PBXFileReference; lastKnownFileType = sourcecode.swift; path = LabelController.swift; sourceTree = "<group>"; };
		7692CE692033EA87001FFFBC /* Profile.storyboard */ = {isa = PBXFileReference; lastKnownFileType = file.storyboard; path = Profile.storyboard; sourceTree = "<group>"; };
		7692CE6D2033EE4D001FFFBC /* AddFriendsTableViewController.swift */ = {isa = PBXFileReference; lastKnownFileType = sourcecode.swift; path = AddFriendsTableViewController.swift; sourceTree = "<group>"; };
		7692CE6F2033F610001FFFBC /* MyFriendsTableViewController.swift */ = {isa = PBXFileReference; lastKnownFileType = sourcecode.swift; path = MyFriendsTableViewController.swift; sourceTree = "<group>"; };
		7692CE722033F97B001FFFBC /* FriendsTVCell.swift */ = {isa = PBXFileReference; lastKnownFileType = sourcecode.swift; path = FriendsTVCell.swift; sourceTree = "<group>"; };
		7696C997201698560074717E /* Server.swift */ = {isa = PBXFileReference; lastKnownFileType = sourcecode.swift; path = Server.swift; sourceTree = "<group>"; };
		76A918E920095A7B00BE27A1 /* CommunityViewCell.swift */ = {isa = PBXFileReference; lastKnownFileType = sourcecode.swift; path = CommunityViewCell.swift; sourceTree = "<group>"; };
		76AA3F3220204BAB0038DAD9 /* MeViewController.swift */ = {isa = PBXFileReference; lastKnownFileType = sourcecode.swift; path = MeViewController.swift; sourceTree = "<group>"; };
		76AA3F362020583E0038DAD9 /* PendingChallViewController.swift */ = {isa = PBXFileReference; lastKnownFileType = sourcecode.swift; path = PendingChallViewController.swift; sourceTree = "<group>"; };
		76AA3F38202058B90038DAD9 /* CompletedChallViewController.swift */ = {isa = PBXFileReference; lastKnownFileType = sourcecode.swift; path = CompletedChallViewController.swift; sourceTree = "<group>"; };
		76AC733A20258BCD0072C7BF /* SelectSponsorTableViewController.swift */ = {isa = PBXFileReference; lastKnownFileType = sourcecode.swift; path = SelectSponsorTableViewController.swift; sourceTree = "<group>"; };
		76AEB2DB201FC87B00953919 /* ChallengeModel.swift */ = {isa = PBXFileReference; lastKnownFileType = sourcecode.swift; path = ChallengeModel.swift; sourceTree = "<group>"; };
		76B1F12A202E630300AF6BE6 /* AWSAuthUI.framework */ = {isa = PBXFileReference; explicitFileType = wrapper.framework; path = AWSAuthUI.framework; sourceTree = BUILT_PRODUCTS_DIR; };
		76B1F12E202E652C00AF6BE6 /* AWSFacebookSignIn.framework */ = {isa = PBXFileReference; explicitFileType = wrapper.framework; path = AWSFacebookSignIn.framework; sourceTree = BUILT_PRODUCTS_DIR; };
		76B1F132202E66B100AF6BE6 /* FBSDKCoreKit.framework */ = {isa = PBXFileReference; explicitFileType = wrapper.framework; path = FBSDKCoreKit.framework; sourceTree = BUILT_PRODUCTS_DIR; };
		76B1F135202E66BF00AF6BE6 /* Bolts.framework */ = {isa = PBXFileReference; explicitFileType = wrapper.framework; path = Bolts.framework; sourceTree = BUILT_PRODUCTS_DIR; };
		76B1F136202E66BF00AF6BE6 /* FBSDKLoginKit.framework */ = {isa = PBXFileReference; explicitFileType = wrapper.framework; path = FBSDKLoginKit.framework; sourceTree = BUILT_PRODUCTS_DIR; };
		76B1FBAB20009E9D00402173 /* Me.storyboard */ = {isa = PBXFileReference; fileEncoding = 4; lastKnownFileType = file.storyboard; path = Me.storyboard; sourceTree = "<group>"; };
		76B1FBAD2000A07100402173 /* Community.storyboard */ = {isa = PBXFileReference; fileEncoding = 4; lastKnownFileType = file.storyboard; path = Community.storyboard; sourceTree = "<group>"; };
		76B1FBAF2000A0C700402173 /* CommunityViewController.swift */ = {isa = PBXFileReference; lastKnownFileType = sourcecode.swift; path = CommunityViewController.swift; sourceTree = "<group>"; };
		76B20005203400270040934B /* ProfileNaviController.swift */ = {isa = PBXFileReference; lastKnownFileType = sourcecode.swift; path = ProfileNaviController.swift; sourceTree = "<group>"; };
		76BD233E20302A4C00C360CA /* MainViewController.swift */ = {isa = PBXFileReference; lastKnownFileType = sourcecode.swift; path = MainViewController.swift; sourceTree = "<group>"; };
		76C3F8BD2063232B00266F7E /* CameraController.swift */ = {isa = PBXFileReference; lastKnownFileType = sourcecode.swift; path = CameraController.swift; sourceTree = "<group>"; };
		76C555F32030BD240045603F /* Media.swift */ = {isa = PBXFileReference; lastKnownFileType = sourcecode.swift; path = Media.swift; sourceTree = "<group>"; };
		76C633B7202E5E040075E144 /* AWSAuthCore.framework */ = {isa = PBXFileReference; explicitFileType = wrapper.framework; path = AWSAuthCore.framework; sourceTree = BUILT_PRODUCTS_DIR; };
		76C633B8202E5E040075E144 /* AWSCore.framework */ = {isa = PBXFileReference; explicitFileType = wrapper.framework; path = AWSCore.framework; sourceTree = BUILT_PRODUCTS_DIR; };
		76C633B9202E5E040075E144 /* AWSMobileClient.framework */ = {isa = PBXFileReference; explicitFileType = wrapper.framework; path = AWSMobileClient.framework; sourceTree = BUILT_PRODUCTS_DIR; };
		76C96847206721B40018E270 /* ViewResponses.storyboard */ = {isa = PBXFileReference; lastKnownFileType = file.storyboard; path = ViewResponses.storyboard; sourceTree = "<group>"; };
		76CDF83620200EF90098948C /* MyStatusView.swift */ = {isa = PBXFileReference; lastKnownFileType = sourcecode.swift; path = MyStatusView.swift; sourceTree = "<group>"; };
		76CF47142021A0E700E7E5BF /* MeGenericViewController.swift */ = {isa = PBXFileReference; lastKnownFileType = sourcecode.swift; path = MeGenericViewController.swift; sourceTree = "<group>"; };
		76CF47162021AC3300E7E5BF /* CreateViewController.swift */ = {isa = PBXFileReference; lastKnownFileType = sourcecode.swift; path = CreateViewController.swift; sourceTree = "<group>"; };
		76D4462920672C8100273D6C /* ViewAllResponsesController.swift */ = {isa = PBXFileReference; lastKnownFileType = sourcecode.swift; path = ViewAllResponsesController.swift; sourceTree = "<group>"; };
		76D4462B20672FF700273D6C /* ViewResponseViewCell.swift */ = {isa = PBXFileReference; lastKnownFileType = sourcecode.swift; path = ViewResponseViewCell.swift; sourceTree = "<group>"; };
		76DDEEAA201929CD002CBE52 /* User.xcdatamodel */ = {isa = PBXFileReference; lastKnownFileType = wrapper.xcdatamodel; path = User.xcdatamodel; sourceTree = "<group>"; };
		76DE5F5820646A140076DA4E /* Camera.storyboard */ = {isa = PBXFileReference; lastKnownFileType = file.storyboard; path = Camera.storyboard; sourceTree = "<group>"; };
		76DE5F5A20646BA60076DA4E /* PreviewController.swift */ = {isa = PBXFileReference; lastKnownFileType = sourcecode.swift; path = PreviewController.swift; sourceTree = "<group>"; };
		76E1BBD82066280800764131 /* CompletedChallTVCell.swift */ = {isa = PBXFileReference; lastKnownFileType = sourcecode.swift; path = CompletedChallTVCell.swift; sourceTree = "<group>"; };
		76E7396D202FEA4400A2EDBC /* ViewChallengeController.swift */ = {isa = PBXFileReference; lastKnownFileType = sourcecode.swift; path = ViewChallengeController.swift; sourceTree = "<group>"; };
		76E73970202FEB7800A2EDBC /* AWSMobileClient.framework */ = {isa = PBXFileReference; explicitFileType = wrapper.framework; path = AWSMobileClient.framework; sourceTree = BUILT_PRODUCTS_DIR; };
		76EA6B6920211B9000AC40CA /* CreatedChallTVCell.swift */ = {isa = PBXFileReference; lastKnownFileType = sourcecode.swift; path = CreatedChallTVCell.swift; sourceTree = "<group>"; };
		76EA6B6B202127ED00AC40CA /* UpdateChallengeRewardViewController.swift */ = {isa = PBXFileReference; lastKnownFileType = sourcecode.swift; path = UpdateChallengeRewardViewController.swift; sourceTree = "<group>"; };
		76EC146020167B1600C73DFC /* Signup.storyboard */ = {isa = PBXFileReference; lastKnownFileType = file.storyboard; path = Signup.storyboard; sourceTree = "<group>"; };
		76EC146220167E5B00C73DFC /* SignupViewController.swift */ = {isa = PBXFileReference; lastKnownFileType = sourcecode.swift; path = SignupViewController.swift; sourceTree = "<group>"; };
		76EC14642016861E00C73DFC /* SignupFormValidationModel.swift */ = {isa = PBXFileReference; lastKnownFileType = sourcecode.swift; path = SignupFormValidationModel.swift; sourceTree = "<group>"; };
		76EC14662016864500C73DFC /* ValidationError.swift */ = {isa = PBXFileReference; lastKnownFileType = sourcecode.swift; path = ValidationError.swift; sourceTree = "<group>"; };
		76EC1468201686DE00C73DFC /* SignupValidationManager.swift */ = {isa = PBXFileReference; lastKnownFileType = sourcecode.swift; path = SignupValidationManager.swift; sourceTree = "<group>"; };
		76FB05B22016EE49006E3406 /* Tester.swift */ = {isa = PBXFileReference; lastKnownFileType = sourcecode.swift; path = Tester.swift; sourceTree = "<group>"; };
		76FC08E8201ECBAB008F9902 /* SponsoredChallViewController.swift */ = {isa = PBXFileReference; lastKnownFileType = sourcecode.swift; path = SponsoredChallViewController.swift; sourceTree = "<group>"; };
		76FC08EC201ED323008F9902 /* GenericUIViewController.swift */ = {isa = PBXFileReference; lastKnownFileType = sourcecode.swift; path = GenericUIViewController.swift; sourceTree = "<group>"; };
		C39A2A0B395C8C0000E32A78 /* Pods-iDareU.release.xcconfig */ = {isa = PBXFileReference; includeInIndex = 1; lastKnownFileType = text.xcconfig; name = "Pods-iDareU.release.xcconfig"; path = "Pods/Target Support Files/Pods-iDareU/Pods-iDareU.release.xcconfig"; sourceTree = "<group>"; };
		E7B6927FEBD7FABA885F4A44 /* Pods_iDareU.framework */ = {isa = PBXFileReference; explicitFileType = wrapper.framework; includeInIndex = 0; path = Pods_iDareU.framework; sourceTree = BUILT_PRODUCTS_DIR; };
		FAF0F776D80CE0BBF508D543 /* Pods-iDareUUITests.debug.xcconfig */ = {isa = PBXFileReference; includeInIndex = 1; lastKnownFileType = text.xcconfig; name = "Pods-iDareUUITests.debug.xcconfig"; path = "Pods/Target Support Files/Pods-iDareUUITests/Pods-iDareUUITests.debug.xcconfig"; sourceTree = "<group>"; };
/* End PBXFileReference section */

/* Begin PBXFrameworksBuildPhase section */
		7650EA0D200095080011125B /* Frameworks */ = {
			isa = PBXFrameworksBuildPhase;
			buildActionMask = 2147483647;
			files = (
				76B1F134202E66BF00AF6BE6 /* FBSDKLoginKit.framework in Frameworks */,
				76B1F131202E66B100AF6BE6 /* FBSDKCoreKit.framework in Frameworks */,
				65BC3DB80960A0392E4DCD0D /* Pods_iDareU.framework in Frameworks */,
			);
			runOnlyForDeploymentPostprocessing = 0;
		};
		7650EA23200095080011125B /* Frameworks */ = {
			isa = PBXFrameworksBuildPhase;
			buildActionMask = 2147483647;
			files = (
				10670D9C0E789AAB8AAF3302 /* Pods_iDareUTests.framework in Frameworks */,
			);
			runOnlyForDeploymentPostprocessing = 0;
		};
		7650EA2E200095080011125B /* Frameworks */ = {
			isa = PBXFrameworksBuildPhase;
			buildActionMask = 2147483647;
			files = (
				CF5C1E8A87A5AB858324877C /* Pods_iDareUUITests.framework in Frameworks */,
			);
			runOnlyForDeploymentPostprocessing = 0;
		};
/* End PBXFrameworksBuildPhase section */

/* Begin PBXGroup section */
		1C009D6B0E43471CFAA468EC /* Pods */ = {
			isa = PBXGroup;
			children = (
				5DA3AEA9EE6ACB088D592DB5 /* Pods-iDareU.debug.xcconfig */,
				C39A2A0B395C8C0000E32A78 /* Pods-iDareU.release.xcconfig */,
				3DD3C8E7632D58236CE2234B /* Pods-iDareUTests.debug.xcconfig */,
				58106837039975944E0C5076 /* Pods-iDareUTests.release.xcconfig */,
				FAF0F776D80CE0BBF508D543 /* Pods-iDareUUITests.debug.xcconfig */,
				72B9BB2359CF45DCBDCD06B1 /* Pods-iDareUUITests.release.xcconfig */,
			);
			name = Pods;
			sourceTree = "<group>";
		};
		32EFA1063A0D96A6CC41C6D8 /* Frameworks */ = {
			isa = PBXGroup;
			children = (
				76E73970202FEB7800A2EDBC /* AWSMobileClient.framework */,
				763E2D8C202FE347003B5E2D /* AWSS3.framework */,
				76B1F135202E66BF00AF6BE6 /* Bolts.framework */,
				76B1F136202E66BF00AF6BE6 /* FBSDKLoginKit.framework */,
				76B1F132202E66B100AF6BE6 /* FBSDKCoreKit.framework */,
				76B1F12E202E652C00AF6BE6 /* AWSFacebookSignIn.framework */,
				76B1F12A202E630300AF6BE6 /* AWSAuthUI.framework */,
				76C633B7202E5E040075E144 /* AWSAuthCore.framework */,
				76C633B8202E5E040075E144 /* AWSCore.framework */,
				76C633B9202E5E040075E144 /* AWSMobileClient.framework */,
				E7B6927FEBD7FABA885F4A44 /* Pods_iDareU.framework */,
				68BC0A2858C8EB5218EE7B8D /* Pods_iDareUTests.framework */,
				5E0BA0D61879B3D7387BDC7D /* Pods_iDareUUITests.framework */,
			);
			name = Frameworks;
			sourceTree = "<group>";
		};
		76290906201AA66D00C1FA1F /* Validation */ = {
			isa = PBXGroup;
			children = (
				76EC1468201686DE00C73DFC /* SignupValidationManager.swift */,
				76EC14642016861E00C73DFC /* SignupFormValidationModel.swift */,
				76EC14662016864500C73DFC /* ValidationError.swift */,
			);
			path = Validation;
			sourceTree = "<group>";
		};
		763B13F020217D7D006DC47E /* Extensions */ = {
			isa = PBXGroup;
			children = (
				763B13F120217D97006DC47E /* SegueAnimation.swift */,
				763BC54B2022D5D100F57BD4 /* Button.swift */,
			);
			path = Extensions;
			sourceTree = "<group>";
		};
		7645386320014464004A96F7 /* Utilities */ = {
			isa = PBXGroup;
			children = (
				7627C2ED204892EB008A0074 /* Data.swift */,
				765EF5652002CBEB006B36B0 /* Animation.swift */,
				7645385B2001421B004A96F7 /* Extensions.swift */,
				76C555F32030BD240045603F /* Media.swift */,
				760531D1201FECCC009F9B05 /* Local.swift */,
				7696C997201698560074717E /* Server.swift */,
				760F7F88201E7D86001A38BF /* TestData.swift */,
			);
			path = Utilities;
			sourceTree = "<group>";
		};
		7650EA07200095070011125B = {
			isa = PBXGroup;
			children = (
				7650EA12200095080011125B /* iDareU */,
				76DC47B4201A99D900C97B24 /* Data Model */,
				76DE76992001CB7900F790D8 /* Model */,
				76DE769A2001CB8000F790D8 /* View */,
				76DE769B2001CB8400F790D8 /* Controllers */,
				76290906201AA66D00C1FA1F /* Validation */,
				763B13F020217D7D006DC47E /* Extensions */,
				7645386320014464004A96F7 /* Utilities */,
				7650EA29200095080011125B /* iDareUTests */,
				7650EA34200095080011125B /* iDareUUITests */,
				7650EA11200095080011125B /* Products */,
				76DE769C2001CC5800F790D8 /* Trash */,
				32EFA1063A0D96A6CC41C6D8 /* Frameworks */,
				1C009D6B0E43471CFAA468EC /* Pods */,
			);
			sourceTree = "<group>";
		};
		7650EA11200095080011125B /* Products */ = {
			isa = PBXGroup;
			children = (
				7650EA10200095080011125B /* iDareU.app */,
				7650EA26200095080011125B /* iDareUTests.xctest */,
				7650EA31200095080011125B /* iDareUUITests.xctest */,
			);
			name = Products;
			sourceTree = "<group>";
		};
		7650EA12200095080011125B /* iDareU */ = {
			isa = PBXGroup;
			children = (
				763FA65A2031156E00D7A46B /* Assets.xcassets */,
				767637C0202E567F0038D9E2 /* awsconfiguration.json */,
				7650EA13200095080011125B /* AppDelegate.swift */,
				7650EA21200095080011125B /* Info.plist */,
			);
			path = iDareU;
			sourceTree = "<group>";
		};
		7650EA29200095080011125B /* iDareUTests */ = {
			isa = PBXGroup;
			children = (
				7650EA2A200095080011125B /* iDareUTests.swift */,
				7650EA2C200095080011125B /* Info.plist */,
				76FB05B22016EE49006E3406 /* Tester.swift */,
			);
			path = iDareUTests;
			sourceTree = "<group>";
		};
		7650EA34200095080011125B /* iDareUUITests */ = {
			isa = PBXGroup;
			children = (
				7650EA35200095080011125B /* iDareUUITests.swift */,
				7650EA37200095080011125B /* Info.plist */,
			);
			path = iDareUUITests;
			sourceTree = "<group>";
		};
		765C3A43206833CF003F2953 /* Me */ = {
			isa = PBXGroup;
			children = (
				76CF47142021A0E700E7E5BF /* MeGenericViewController.swift */,
				76B20005203400270040934B /* ProfileNaviController.swift */,
				76789C9820205D9300024019 /* MeInitialViewController.swift */,
				76AA3F3220204BAB0038DAD9 /* MeViewController.swift */,
				763688C02003036C00129279 /* StatusViewController.swift */,
				76AA3F362020583E0038DAD9 /* PendingChallViewController.swift */,
				76FC08E8201ECBAB008F9902 /* SponsoredChallViewController.swift */,
				76AA3F38202058B90038DAD9 /* CompletedChallViewController.swift */,
				7692CE6F2033F610001FFFBC /* MyFriendsTableViewController.swift */,
				7692CE6D2033EE4D001FFFBC /* AddFriendsTableViewController.swift */,
			);
			path = Me;
			sourceTree = "<group>";
		};
		765C3A44206833DB003F2953 /* Create */ = {
			isa = PBXGroup;
			children = (
				76CF47162021AC3300E7E5BF /* CreateViewController.swift */,
				7630D9F62022C39B00C5603B /* PreviewViewController.swift */,
				767D1EA820250E6A0098DF47 /* SetupChallengeViewController.swift */,
				76AC733A20258BCD0072C7BF /* SelectSponsorTableViewController.swift */,
				7629D8E9204A9FA9009C4A90 /* TakerNavigationController.swift */,
				763BC5492022D04D00F57BD4 /* SelectTakerTableViewController.swift */,
			);
			path = Create;
			sourceTree = "<group>";
		};
		765C3A4520683400003F2953 /* ViewChallenge */ = {
			isa = PBXGroup;
			children = (
				763FA65C2031291500D7A46B /* NavigationController.swift */,
				76E7396D202FEA4400A2EDBC /* ViewChallengeController.swift */,
				768206EB2033A9E2004E049C /* LabelController.swift */,
			);
			path = ViewChallenge;
			sourceTree = "<group>";
		};
		765C3A4620683459003F2953 /* Response */ = {
			isa = PBXGroup;
			children = (
				76C3F8BD2063232B00266F7E /* CameraController.swift */,
				76DE5F5A20646BA60076DA4E /* PreviewController.swift */,
				76D4462920672C8100273D6C /* ViewAllResponsesController.swift */,
			);
			path = Response;
			sourceTree = "<group>";
		};
		7692CE712033F91F001FFFBC /* Cell */ = {
			isa = PBXGroup;
			children = (
				76A918E920095A7B00BE27A1 /* CommunityViewCell.swift */,
				762296F8200A961900D09D12 /* FriendFeedViewCell.swift */,
				76CDF83620200EF90098948C /* MyStatusView.swift */,
				76376135202064CB006BE727 /* PendingChallTVCell.swift */,
				76EA6B6920211B9000AC40CA /* CreatedChallTVCell.swift */,
				76E1BBD82066280800764131 /* CompletedChallTVCell.swift */,
				763BC54D2022D8F000F57BD4 /* SelectTakerTVCell.swift */,
				7692CE722033F97B001FFFBC /* FriendsTVCell.swift */,
				76D4462B20672FF700273D6C /* ViewResponseViewCell.swift */,
			);
			path = Cell;
			sourceTree = "<group>";
		};
		76DC47B4201A99D900C97B24 /* Data Model */ = {
			isa = PBXGroup;
			children = (
				76DDEEA9201929CD002CBE52 /* iDareU.xcdatamodeld */,
				760531CA201FEAC6009F9B05 /* Session.xcdatamodeld */,
				767A64C0201AF54A00EF0F84 /* CoreModel.swift */,
				76AEB2DB201FC87B00953919 /* ChallengeModel.swift */,
				760D91B1201EE1C000628725 /* ErrorModel.swift */,
				76407EB22034161700163545 /* ServerResponseModel.swift */,
			);
			path = "Data Model";
			sourceTree = "<group>";
		};
		76DE76992001CB7900F790D8 /* Model */ = {
			isa = PBXGroup;
			children = (
				765EF5672002EB33006B36B0 /* FriendViewModel.swift */,
			);
			path = Model;
			sourceTree = "<group>";
		};
		76DE769A2001CB8000F790D8 /* View */ = {
			isa = PBXGroup;
			children = (
				7692CE712033F91F001FFFBC /* Cell */,
				7650EA1E200095080011125B /* LaunchScreen.storyboard */,
				7650EA19200095080011125B /* Main.storyboard */,
				76EC146020167B1600C73DFC /* Signup.storyboard */,
				765A09DE2017BF0C0004A67D /* Login.storyboard */,
				765A09DC2017BE950004A67D /* Router.storyboard */,
				7645385820012DB5004A96F7 /* Create.storyboard */,
				7629D8E7204A9857009C4A90 /* SelectTaker.storyboard */,
				76B1FBAB20009E9D00402173 /* Me.storyboard */,
				7675178D2009746400481464 /* Friends.storyboard */,
				76B1FBAD2000A07100402173 /* Community.storyboard */,
				7622385C202CDB3F00291AB6 /* ChallengeReward.storyboard */,
				760531C4201FE87C009F9B05 /* ViewChallenge.storyboard */,
				7692CE692033EA87001FFFBC /* Profile.storyboard */,
				76DE5F5820646A140076DA4E /* Camera.storyboard */,
				76C96847206721B40018E270 /* ViewResponses.storyboard */,
			);
			path = View;
			sourceTree = "<group>";
		};
		76DE769B2001CB8400F790D8 /* Controllers */ = {
			isa = PBXGroup;
			children = (
				765C3A44206833DB003F2953 /* Create */,
				765C3A43206833CF003F2953 /* Me */,
				765C3A4520683400003F2953 /* ViewChallenge */,
				765C3A4620683459003F2953 /* Response */,
				76BD233E20302A4C00C360CA /* MainViewController.swift */,
				76FC08EC201ED323008F9902 /* GenericUIViewController.swift */,
				76EC146220167E5B00C73DFC /* SignupViewController.swift */,
				765A09D72017BB5D0004A67D /* LoginViewController.swift */,
				76682212201E5C6800F52659 /* RouterTabBarController.swift */,
				76EA6B6B202127ED00AC40CA /* UpdateChallengeRewardViewController.swift */,
				762296F6200A930A00D09D12 /* FriendsViewController.swift */,
				76B1FBAF2000A0C700402173 /* CommunityViewController.swift */,
			);
			path = Controllers;
			sourceTree = "<group>";
		};
		76DE769C2001CC5800F790D8 /* Trash */ = {
			isa = PBXGroup;
			children = (
				7650EA15200095080011125B /* CaptureVideoViewController.swift */,
			);
			path = Trash;
			sourceTree = "<group>";
		};
/* End PBXGroup section */

/* Begin PBXNativeTarget section */
		7650EA0F200095080011125B /* iDareU */ = {
			isa = PBXNativeTarget;
			buildConfigurationList = 7650EA3A200095080011125B /* Build configuration list for PBXNativeTarget "iDareU" */;
			buildPhases = (
				EACCDD18BDD427D62970657B /* [CP] Check Pods Manifest.lock */,
				7650EA0C200095080011125B /* Sources */,
				7650EA0D200095080011125B /* Frameworks */,
				7650EA0E200095080011125B /* Resources */,
				8395A0468B1EEBE5F8999967 /* [CP] Embed Pods Frameworks */,
				BC6891F2FBA2D3A4BE211FD9 /* [CP] Copy Pods Resources */,
			);
			buildRules = (
			);
			dependencies = (
			);
			name = iDareU;
			productName = iDareU;
			productReference = 7650EA10200095080011125B /* iDareU.app */;
			productType = "com.apple.product-type.application";
		};
		7650EA25200095080011125B /* iDareUTests */ = {
			isa = PBXNativeTarget;
			buildConfigurationList = 7650EA3D200095080011125B /* Build configuration list for PBXNativeTarget "iDareUTests" */;
			buildPhases = (
				ED8510D24448BDF9C3A5010F /* [CP] Check Pods Manifest.lock */,
				7650EA22200095080011125B /* Sources */,
				7650EA23200095080011125B /* Frameworks */,
				7650EA24200095080011125B /* Resources */,
				49743F13B6612F83389A0EA4 /* [CP] Embed Pods Frameworks */,
				0CFB771086D2470C48688EAB /* [CP] Copy Pods Resources */,
			);
			buildRules = (
			);
			dependencies = (
				7650EA28200095080011125B /* PBXTargetDependency */,
			);
			name = iDareUTests;
			productName = iDareUTests;
			productReference = 7650EA26200095080011125B /* iDareUTests.xctest */;
			productType = "com.apple.product-type.bundle.unit-test";
		};
		7650EA30200095080011125B /* iDareUUITests */ = {
			isa = PBXNativeTarget;
			buildConfigurationList = 7650EA40200095080011125B /* Build configuration list for PBXNativeTarget "iDareUUITests" */;
			buildPhases = (
				858B2D1F4C5F441C0F9822D3 /* [CP] Check Pods Manifest.lock */,
				7650EA2D200095080011125B /* Sources */,
				7650EA2E200095080011125B /* Frameworks */,
				7650EA2F200095080011125B /* Resources */,
				18EE62EBF3B75CE22CA0A216 /* [CP] Embed Pods Frameworks */,
				75654A2E1AA8EE8E64E5CE56 /* [CP] Copy Pods Resources */,
			);
			buildRules = (
			);
			dependencies = (
				7650EA33200095080011125B /* PBXTargetDependency */,
			);
			name = iDareUUITests;
			productName = iDareUUITests;
			productReference = 7650EA31200095080011125B /* iDareUUITests.xctest */;
			productType = "com.apple.product-type.bundle.ui-testing";
		};
/* End PBXNativeTarget section */

/* Begin PBXProject section */
		7650EA08200095070011125B /* Project object */ = {
			isa = PBXProject;
			attributes = {
				LastSwiftUpdateCheck = 0920;
				LastUpgradeCheck = 0920;
				ORGANIZATIONNAME = "Jan Jajalla";
				TargetAttributes = {
					7650EA0F200095080011125B = {
						CreatedOnToolsVersion = 9.2;
						LastSwiftMigration = 0920;
						ProvisioningStyle = Automatic;
					};
					7650EA25200095080011125B = {
						CreatedOnToolsVersion = 9.2;
						ProvisioningStyle = Automatic;
						TestTargetID = 7650EA0F200095080011125B;
					};
					7650EA30200095080011125B = {
						CreatedOnToolsVersion = 9.2;
						ProvisioningStyle = Automatic;
						TestTargetID = 7650EA0F200095080011125B;
					};
				};
			};
			buildConfigurationList = 7650EA0B200095070011125B /* Build configuration list for PBXProject "iDareU" */;
			compatibilityVersion = "Xcode 8.0";
			developmentRegion = en;
			hasScannedForEncodings = 0;
			knownRegions = (
				en,
				Base,
			);
			mainGroup = 7650EA07200095070011125B;
			productRefGroup = 7650EA11200095080011125B /* Products */;
			projectDirPath = "";
			projectRoot = "";
			targets = (
				7650EA0F200095080011125B /* iDareU */,
				7650EA25200095080011125B /* iDareUTests */,
				7650EA30200095080011125B /* iDareUUITests */,
			);
		};
/* End PBXProject section */

/* Begin PBXResourcesBuildPhase section */
		7650EA0E200095080011125B /* Resources */ = {
			isa = PBXResourcesBuildPhase;
			buildActionMask = 2147483647;
			files = (
				7650EA20200095080011125B /* LaunchScreen.storyboard in Resources */,
				76DE5F5920646A140076DA4E /* Camera.storyboard in Resources */,
				7675178E2009746400481464 /* Friends.storyboard in Resources */,
				7629D8E8204A9857009C4A90 /* SelectTaker.storyboard in Resources */,
				767637C1202E567F0038D9E2 /* awsconfiguration.json in Resources */,
				76B1FBAC20009E9D00402173 /* Me.storyboard in Resources */,
				763FA65B2031156E00D7A46B /* Assets.xcassets in Resources */,
				760531C5201FE87C009F9B05 /* ViewChallenge.storyboard in Resources */,
				76B1FBAE2000A07100402173 /* Community.storyboard in Resources */,
				7622385D202CDB3F00291AB6 /* ChallengeReward.storyboard in Resources */,
				7650EA1B200095080011125B /* Main.storyboard in Resources */,
				76EC146120167B1600C73DFC /* Signup.storyboard in Resources */,
				765A09DD2017BE950004A67D /* Router.storyboard in Resources */,
				765A09DF2017BF0C0004A67D /* Login.storyboard in Resources */,
				7692CE6A2033EA87001FFFBC /* Profile.storyboard in Resources */,
				7645385920012DB5004A96F7 /* Create.storyboard in Resources */,
				76C96848206721B40018E270 /* ViewResponses.storyboard in Resources */,
			);
			runOnlyForDeploymentPostprocessing = 0;
		};
		7650EA24200095080011125B /* Resources */ = {
			isa = PBXResourcesBuildPhase;
			buildActionMask = 2147483647;
			files = (
			);
			runOnlyForDeploymentPostprocessing = 0;
		};
		7650EA2F200095080011125B /* Resources */ = {
			isa = PBXResourcesBuildPhase;
			buildActionMask = 2147483647;
			files = (
			);
			runOnlyForDeploymentPostprocessing = 0;
		};
/* End PBXResourcesBuildPhase section */

/* Begin PBXShellScriptBuildPhase section */
		0CFB771086D2470C48688EAB /* [CP] Copy Pods Resources */ = {
			isa = PBXShellScriptBuildPhase;
			buildActionMask = 2147483647;
			files = (
			);
			inputPaths = (
			);
			name = "[CP] Copy Pods Resources";
			outputPaths = (
			);
			runOnlyForDeploymentPostprocessing = 0;
			shellPath = /bin/sh;
			shellScript = "\"${SRCROOT}/Pods/Target Support Files/Pods-iDareUTests/Pods-iDareUTests-resources.sh\"\n";
			showEnvVarsInLog = 0;
		};
		18EE62EBF3B75CE22CA0A216 /* [CP] Embed Pods Frameworks */ = {
			isa = PBXShellScriptBuildPhase;
			buildActionMask = 2147483647;
			files = (
			);
			inputPaths = (
			);
			name = "[CP] Embed Pods Frameworks";
			outputPaths = (
			);
			runOnlyForDeploymentPostprocessing = 0;
			shellPath = /bin/sh;
			shellScript = "\"${SRCROOT}/Pods/Target Support Files/Pods-iDareUUITests/Pods-iDareUUITests-frameworks.sh\"\n";
			showEnvVarsInLog = 0;
		};
		49743F13B6612F83389A0EA4 /* [CP] Embed Pods Frameworks */ = {
			isa = PBXShellScriptBuildPhase;
			buildActionMask = 2147483647;
			files = (
			);
			inputPaths = (
			);
			name = "[CP] Embed Pods Frameworks";
			outputPaths = (
			);
			runOnlyForDeploymentPostprocessing = 0;
			shellPath = /bin/sh;
			shellScript = "\"${SRCROOT}/Pods/Target Support Files/Pods-iDareUTests/Pods-iDareUTests-frameworks.sh\"\n";
			showEnvVarsInLog = 0;
		};
		75654A2E1AA8EE8E64E5CE56 /* [CP] Copy Pods Resources */ = {
			isa = PBXShellScriptBuildPhase;
			buildActionMask = 2147483647;
			files = (
			);
			inputPaths = (
			);
			name = "[CP] Copy Pods Resources";
			outputPaths = (
			);
			runOnlyForDeploymentPostprocessing = 0;
			shellPath = /bin/sh;
			shellScript = "\"${SRCROOT}/Pods/Target Support Files/Pods-iDareUUITests/Pods-iDareUUITests-resources.sh\"\n";
			showEnvVarsInLog = 0;
		};
		8395A0468B1EEBE5F8999967 /* [CP] Embed Pods Frameworks */ = {
			isa = PBXShellScriptBuildPhase;
			buildActionMask = 2147483647;
			files = (
			);
			inputPaths = (
				"${SRCROOT}/Pods/Target Support Files/Pods-iDareU/Pods-iDareU-frameworks.sh",
				"${BUILT_PRODUCTS_DIR}/AWSAuthCore/AWSAuthCore.framework",
				"${BUILT_PRODUCTS_DIR}/AWSCore/AWSCore.framework",
				"${BUILT_PRODUCTS_DIR}/AWSFacebookSignIn/AWSFacebookSignIn.framework",
				"${BUILT_PRODUCTS_DIR}/Bolts/Bolts.framework",
				"${BUILT_PRODUCTS_DIR}/FBSDKCoreKit/FBSDKCoreKit.framework",
				"${BUILT_PRODUCTS_DIR}/FBSDKLoginKit/FBSDKLoginKit.framework",
			);
			name = "[CP] Embed Pods Frameworks";
			outputPaths = (
				"${TARGET_BUILD_DIR}/${FRAMEWORKS_FOLDER_PATH}/AWSAuthCore.framework",
				"${TARGET_BUILD_DIR}/${FRAMEWORKS_FOLDER_PATH}/AWSCore.framework",
				"${TARGET_BUILD_DIR}/${FRAMEWORKS_FOLDER_PATH}/AWSFacebookSignIn.framework",
				"${TARGET_BUILD_DIR}/${FRAMEWORKS_FOLDER_PATH}/Bolts.framework",
				"${TARGET_BUILD_DIR}/${FRAMEWORKS_FOLDER_PATH}/FBSDKCoreKit.framework",
				"${TARGET_BUILD_DIR}/${FRAMEWORKS_FOLDER_PATH}/FBSDKLoginKit.framework",
			);
			runOnlyForDeploymentPostprocessing = 0;
			shellPath = /bin/sh;
			shellScript = "\"${SRCROOT}/Pods/Target Support Files/Pods-iDareU/Pods-iDareU-frameworks.sh\"\n";
			showEnvVarsInLog = 0;
		};
		858B2D1F4C5F441C0F9822D3 /* [CP] Check Pods Manifest.lock */ = {
			isa = PBXShellScriptBuildPhase;
			buildActionMask = 2147483647;
			files = (
			);
			inputPaths = (
				"${PODS_PODFILE_DIR_PATH}/Podfile.lock",
				"${PODS_ROOT}/Manifest.lock",
			);
			name = "[CP] Check Pods Manifest.lock";
			outputPaths = (
				"$(DERIVED_FILE_DIR)/Pods-iDareUUITests-checkManifestLockResult.txt",
			);
			runOnlyForDeploymentPostprocessing = 0;
			shellPath = /bin/sh;
			shellScript = "diff \"${PODS_PODFILE_DIR_PATH}/Podfile.lock\" \"${PODS_ROOT}/Manifest.lock\" > /dev/null\nif [ $? != 0 ] ; then\n    # print error to STDERR\n    echo \"error: The sandbox is not in sync with the Podfile.lock. Run 'pod install' or update your CocoaPods installation.\" >&2\n    exit 1\nfi\n# This output is used by Xcode 'outputs' to avoid re-running this script phase.\necho \"SUCCESS\" > \"${SCRIPT_OUTPUT_FILE_0}\"\n";
			showEnvVarsInLog = 0;
		};
		BC6891F2FBA2D3A4BE211FD9 /* [CP] Copy Pods Resources */ = {
			isa = PBXShellScriptBuildPhase;
			buildActionMask = 2147483647;
			files = (
			);
			inputPaths = (
			);
			name = "[CP] Copy Pods Resources";
			outputPaths = (
			);
			runOnlyForDeploymentPostprocessing = 0;
			shellPath = /bin/sh;
			shellScript = "\"${SRCROOT}/Pods/Target Support Files/Pods-iDareU/Pods-iDareU-resources.sh\"\n";
			showEnvVarsInLog = 0;
		};
		EACCDD18BDD427D62970657B /* [CP] Check Pods Manifest.lock */ = {
			isa = PBXShellScriptBuildPhase;
			buildActionMask = 2147483647;
			files = (
			);
			inputPaths = (
				"${PODS_PODFILE_DIR_PATH}/Podfile.lock",
				"${PODS_ROOT}/Manifest.lock",
			);
			name = "[CP] Check Pods Manifest.lock";
			outputPaths = (
				"$(DERIVED_FILE_DIR)/Pods-iDareU-checkManifestLockResult.txt",
			);
			runOnlyForDeploymentPostprocessing = 0;
			shellPath = /bin/sh;
			shellScript = "diff \"${PODS_PODFILE_DIR_PATH}/Podfile.lock\" \"${PODS_ROOT}/Manifest.lock\" > /dev/null\nif [ $? != 0 ] ; then\n    # print error to STDERR\n    echo \"error: The sandbox is not in sync with the Podfile.lock. Run 'pod install' or update your CocoaPods installation.\" >&2\n    exit 1\nfi\n# This output is used by Xcode 'outputs' to avoid re-running this script phase.\necho \"SUCCESS\" > \"${SCRIPT_OUTPUT_FILE_0}\"\n";
			showEnvVarsInLog = 0;
		};
		ED8510D24448BDF9C3A5010F /* [CP] Check Pods Manifest.lock */ = {
			isa = PBXShellScriptBuildPhase;
			buildActionMask = 2147483647;
			files = (
			);
			inputPaths = (
				"${PODS_PODFILE_DIR_PATH}/Podfile.lock",
				"${PODS_ROOT}/Manifest.lock",
			);
			name = "[CP] Check Pods Manifest.lock";
			outputPaths = (
				"$(DERIVED_FILE_DIR)/Pods-iDareUTests-checkManifestLockResult.txt",
			);
			runOnlyForDeploymentPostprocessing = 0;
			shellPath = /bin/sh;
			shellScript = "diff \"${PODS_PODFILE_DIR_PATH}/Podfile.lock\" \"${PODS_ROOT}/Manifest.lock\" > /dev/null\nif [ $? != 0 ] ; then\n    # print error to STDERR\n    echo \"error: The sandbox is not in sync with the Podfile.lock. Run 'pod install' or update your CocoaPods installation.\" >&2\n    exit 1\nfi\n# This output is used by Xcode 'outputs' to avoid re-running this script phase.\necho \"SUCCESS\" > \"${SCRIPT_OUTPUT_FILE_0}\"\n";
			showEnvVarsInLog = 0;
		};
/* End PBXShellScriptBuildPhase section */

/* Begin PBXSourcesBuildPhase section */
		7650EA0C200095080011125B /* Sources */ = {
			isa = PBXSourcesBuildPhase;
			buildActionMask = 2147483647;
			files = (
				76AA3F3320204BAB0038DAD9 /* MeViewController.swift in Sources */,
				76EA6B6A20211B9000AC40CA /* CreatedChallTVCell.swift in Sources */,
				760D91B2201EE1C000628725 /* ErrorModel.swift in Sources */,
				76E7396C202FE5CE00A2EDBC /* TestData.swift in Sources */,
				76C555F42030BD240045603F /* Media.swift in Sources */,
				767A64C1201AF54A00EF0F84 /* CoreModel.swift in Sources */,
				76EC1469201686DE00C73DFC /* SignupValidationManager.swift in Sources */,
				763BC54A2022D04D00F57BD4 /* SelectTakerTableViewController.swift in Sources */,
				762296F7200A930A00D09D12 /* FriendsViewController.swift in Sources */,
				76CF47172021AC3300E7E5BF /* CreateViewController.swift in Sources */,
				760531D2201FECCC009F9B05 /* Local.swift in Sources */,
				76EA6B6C202127ED00AC40CA /* UpdateChallengeRewardViewController.swift in Sources */,
				76EC14672016864500C73DFC /* ValidationError.swift in Sources */,
				76AC733B20258BCD0072C7BF /* SelectSponsorTableViewController.swift in Sources */,
				765EF5662002CBEB006B36B0 /* Animation.swift in Sources */,
				7692CE6E2033EE4D001FFFBC /* AddFriendsTableViewController.swift in Sources */,
				7696C998201698560074717E /* Server.swift in Sources */,
				7645385F2001421C004A96F7 /* Extensions.swift in Sources */,
				7630D9F72022C39B00C5603B /* PreviewViewController.swift in Sources */,
				76FC08E9201ECBAB008F9902 /* SponsoredChallViewController.swift in Sources */,
				76CDF83720200EF90098948C /* MyStatusView.swift in Sources */,
				76789C9920205D9300024019 /* MeInitialViewController.swift in Sources */,
				76AA3F39202058B90038DAD9 /* CompletedChallViewController.swift in Sources */,
				765EF5682002EB33006B36B0 /* FriendViewModel.swift in Sources */,
				76407EB32034161700163545 /* ServerResponseModel.swift in Sources */,
				7629D8EA204A9FA9009C4A90 /* TakerNavigationController.swift in Sources */,
				76D4462C20672FF700273D6C /* ViewResponseViewCell.swift in Sources */,
				7627C2EE204892EB008A0074 /* Data.swift in Sources */,
				767D1EA920250E6A0098DF47 /* SetupChallengeViewController.swift in Sources */,
				76EC146320167E5B00C73DFC /* SignupViewController.swift in Sources */,
				763B13F220217D97006DC47E /* SegueAnimation.swift in Sources */,
				76C3F8BE2063232B00266F7E /* CameraController.swift in Sources */,
				763BC54C2022D5D100F57BD4 /* Button.swift in Sources */,
				765A09D82017BB5D0004A67D /* LoginViewController.swift in Sources */,
				76B1FBB02000A0C700402173 /* CommunityViewController.swift in Sources */,
				763FA65D2031291500D7A46B /* NavigationController.swift in Sources */,
				7692CE732033F97B001FFFBC /* FriendsTVCell.swift in Sources */,
				7650EA14200095080011125B /* AppDelegate.swift in Sources */,
				768206EC2033A9E2004E049C /* LabelController.swift in Sources */,
				76AEB2DC201FC87B00953919 /* ChallengeModel.swift in Sources */,
				76A918EA20095A7B00BE27A1 /* CommunityViewCell.swift in Sources */,
				763688C12003036C00129279 /* StatusViewController.swift in Sources */,
				76CF47152021A0E700E7E5BF /* MeGenericViewController.swift in Sources */,
				76EC14652016861E00C73DFC /* SignupFormValidationModel.swift in Sources */,
				76D4462A20672C8100273D6C /* ViewAllResponsesController.swift in Sources */,
				76E1BBD92066280800764131 /* CompletedChallTVCell.swift in Sources */,
				7650EA16200095080011125B /* CaptureVideoViewController.swift in Sources */,
				762296F9200A961900D09D12 /* FriendFeedViewCell.swift in Sources */,
				76FC08ED201ED323008F9902 /* GenericUIViewController.swift in Sources */,
				76B20006203400270040934B /* ProfileNaviController.swift in Sources */,
				76376136202064CB006BE727 /* PendingChallTVCell.swift in Sources */,
				76BD233F20302A4C00C360CA /* MainViewController.swift in Sources */,
				763BC54E2022D8F000F57BD4 /* SelectTakerTVCell.swift in Sources */,
				76DDEEAB201929CD002CBE52 /* iDareU.xcdatamodeld in Sources */,
				76DE5F5B20646BA60076DA4E /* PreviewController.swift in Sources */,
				760531DB201FFD00009F9B05 /* Session.xcdatamodeld in Sources */,
				76AA3F372020583E0038DAD9 /* PendingChallViewController.swift in Sources */,
				7692CE702033F610001FFFBC /* MyFriendsTableViewController.swift in Sources */,
				76E7396E202FEA4400A2EDBC /* ViewChallengeController.swift in Sources */,
				76682213201E5C6800F52659 /* RouterTabBarController.swift in Sources */,
			);
			runOnlyForDeploymentPostprocessing = 0;
		};
		7650EA22200095080011125B /* Sources */ = {
			isa = PBXSourcesBuildPhase;
			buildActionMask = 2147483647;
			files = (
				76FB05B32016EE49006E3406 /* Tester.swift in Sources */,
				7650EA2B200095080011125B /* iDareUTests.swift in Sources */,
			);
			runOnlyForDeploymentPostprocessing = 0;
		};
		7650EA2D200095080011125B /* Sources */ = {
			isa = PBXSourcesBuildPhase;
			buildActionMask = 2147483647;
			files = (
				7650EA36200095080011125B /* iDareUUITests.swift in Sources */,
			);
			runOnlyForDeploymentPostprocessing = 0;
		};
/* End PBXSourcesBuildPhase section */

/* Begin PBXTargetDependency section */
		7650EA28200095080011125B /* PBXTargetDependency */ = {
			isa = PBXTargetDependency;
			target = 7650EA0F200095080011125B /* iDareU */;
			targetProxy = 7650EA27200095080011125B /* PBXContainerItemProxy */;
		};
		7650EA33200095080011125B /* PBXTargetDependency */ = {
			isa = PBXTargetDependency;
			target = 7650EA0F200095080011125B /* iDareU */;
			targetProxy = 7650EA32200095080011125B /* PBXContainerItemProxy */;
		};
/* End PBXTargetDependency section */

/* Begin PBXVariantGroup section */
		7650EA19200095080011125B /* Main.storyboard */ = {
			isa = PBXVariantGroup;
			children = (
				7650EA1A200095080011125B /* Base */,
			);
			name = Main.storyboard;
			sourceTree = "<group>";
		};
		7650EA1E200095080011125B /* LaunchScreen.storyboard */ = {
			isa = PBXVariantGroup;
			children = (
				7650EA1F200095080011125B /* Base */,
			);
			name = LaunchScreen.storyboard;
			sourceTree = "<group>";
		};
/* End PBXVariantGroup section */

/* Begin XCBuildConfiguration section */
		7650EA38200095080011125B /* Debug */ = {
			isa = XCBuildConfiguration;
			buildSettings = {
				ALWAYS_SEARCH_USER_PATHS = NO;
				CLANG_ANALYZER_NONNULL = YES;
				CLANG_ANALYZER_NUMBER_OBJECT_CONVERSION = YES_AGGRESSIVE;
				CLANG_CXX_LANGUAGE_STANDARD = "gnu++14";
				CLANG_CXX_LIBRARY = "libc++";
				CLANG_ENABLE_MODULES = YES;
				CLANG_ENABLE_OBJC_ARC = YES;
				CLANG_WARN_BLOCK_CAPTURE_AUTORELEASING = YES;
				CLANG_WARN_BOOL_CONVERSION = YES;
				CLANG_WARN_COMMA = YES;
				CLANG_WARN_CONSTANT_CONVERSION = YES;
				CLANG_WARN_DIRECT_OBJC_ISA_USAGE = YES_ERROR;
				CLANG_WARN_DOCUMENTATION_COMMENTS = YES;
				CLANG_WARN_EMPTY_BODY = YES;
				CLANG_WARN_ENUM_CONVERSION = YES;
				CLANG_WARN_INFINITE_RECURSION = YES;
				CLANG_WARN_INT_CONVERSION = YES;
				CLANG_WARN_NON_LITERAL_NULL_CONVERSION = YES;
				CLANG_WARN_OBJC_LITERAL_CONVERSION = YES;
				CLANG_WARN_OBJC_ROOT_CLASS = YES_ERROR;
				CLANG_WARN_RANGE_LOOP_ANALYSIS = YES;
				CLANG_WARN_STRICT_PROTOTYPES = YES;
				CLANG_WARN_SUSPICIOUS_MOVE = YES;
				CLANG_WARN_UNGUARDED_AVAILABILITY = YES_AGGRESSIVE;
				CLANG_WARN_UNREACHABLE_CODE = YES;
				CLANG_WARN__DUPLICATE_METHOD_MATCH = YES;
				CODE_SIGN_IDENTITY = "iPhone Developer";
				COPY_PHASE_STRIP = NO;
				DEBUG_INFORMATION_FORMAT = dwarf;
				ENABLE_STRICT_OBJC_MSGSEND = YES;
				ENABLE_TESTABILITY = YES;
				GCC_C_LANGUAGE_STANDARD = gnu11;
				GCC_DYNAMIC_NO_PIC = NO;
				GCC_NO_COMMON_BLOCKS = YES;
				GCC_OPTIMIZATION_LEVEL = 0;
				GCC_PREPROCESSOR_DEFINITIONS = (
					"DEBUG=1",
					"$(inherited)",
				);
				GCC_WARN_64_TO_32_BIT_CONVERSION = YES;
				GCC_WARN_ABOUT_RETURN_TYPE = YES_ERROR;
				GCC_WARN_UNDECLARED_SELECTOR = YES;
				GCC_WARN_UNINITIALIZED_AUTOS = YES_AGGRESSIVE;
				GCC_WARN_UNUSED_FUNCTION = YES;
				GCC_WARN_UNUSED_VARIABLE = YES;
				IPHONEOS_DEPLOYMENT_TARGET = 11.2;
				MTL_ENABLE_DEBUG_INFO = YES;
				ONLY_ACTIVE_ARCH = YES;
				SDKROOT = iphoneos;
				SWIFT_ACTIVE_COMPILATION_CONDITIONS = DEBUG;
				"SWIFT_ACTIVE_COMPILATION_CONDITIONS[sdk=iphonesimulator*]" = SIMULATOR;
				SWIFT_OPTIMIZATION_LEVEL = "-Onone";
			};
			name = Debug;
		};
		7650EA39200095080011125B /* Release */ = {
			isa = XCBuildConfiguration;
			buildSettings = {
				ALWAYS_SEARCH_USER_PATHS = NO;
				CLANG_ANALYZER_NONNULL = YES;
				CLANG_ANALYZER_NUMBER_OBJECT_CONVERSION = YES_AGGRESSIVE;
				CLANG_CXX_LANGUAGE_STANDARD = "gnu++14";
				CLANG_CXX_LIBRARY = "libc++";
				CLANG_ENABLE_MODULES = YES;
				CLANG_ENABLE_OBJC_ARC = YES;
				CLANG_WARN_BLOCK_CAPTURE_AUTORELEASING = YES;
				CLANG_WARN_BOOL_CONVERSION = YES;
				CLANG_WARN_COMMA = YES;
				CLANG_WARN_CONSTANT_CONVERSION = YES;
				CLANG_WARN_DIRECT_OBJC_ISA_USAGE = YES_ERROR;
				CLANG_WARN_DOCUMENTATION_COMMENTS = YES;
				CLANG_WARN_EMPTY_BODY = YES;
				CLANG_WARN_ENUM_CONVERSION = YES;
				CLANG_WARN_INFINITE_RECURSION = YES;
				CLANG_WARN_INT_CONVERSION = YES;
				CLANG_WARN_NON_LITERAL_NULL_CONVERSION = YES;
				CLANG_WARN_OBJC_LITERAL_CONVERSION = YES;
				CLANG_WARN_OBJC_ROOT_CLASS = YES_ERROR;
				CLANG_WARN_RANGE_LOOP_ANALYSIS = YES;
				CLANG_WARN_STRICT_PROTOTYPES = YES;
				CLANG_WARN_SUSPICIOUS_MOVE = YES;
				CLANG_WARN_UNGUARDED_AVAILABILITY = YES_AGGRESSIVE;
				CLANG_WARN_UNREACHABLE_CODE = YES;
				CLANG_WARN__DUPLICATE_METHOD_MATCH = YES;
				CODE_SIGN_IDENTITY = "iPhone Developer";
				COPY_PHASE_STRIP = NO;
				DEBUG_INFORMATION_FORMAT = "dwarf-with-dsym";
				ENABLE_NS_ASSERTIONS = NO;
				ENABLE_STRICT_OBJC_MSGSEND = YES;
				GCC_C_LANGUAGE_STANDARD = gnu11;
				GCC_NO_COMMON_BLOCKS = YES;
				GCC_WARN_64_TO_32_BIT_CONVERSION = YES;
				GCC_WARN_ABOUT_RETURN_TYPE = YES_ERROR;
				GCC_WARN_UNDECLARED_SELECTOR = YES;
				GCC_WARN_UNINITIALIZED_AUTOS = YES_AGGRESSIVE;
				GCC_WARN_UNUSED_FUNCTION = YES;
				GCC_WARN_UNUSED_VARIABLE = YES;
				IPHONEOS_DEPLOYMENT_TARGET = 11.2;
				MTL_ENABLE_DEBUG_INFO = NO;
				SDKROOT = iphoneos;
				SWIFT_OPTIMIZATION_LEVEL = "-Owholemodule";
				VALIDATE_PRODUCT = YES;
			};
			name = Release;
		};
		7650EA3B200095080011125B /* Debug */ = {
			isa = XCBuildConfiguration;
			baseConfigurationReference = 5DA3AEA9EE6ACB088D592DB5 /* Pods-iDareU.debug.xcconfig */;
			buildSettings = {
				ASSETCATALOG_COMPILER_APPICON_NAME = "idu-AppIcon";
				CLANG_ENABLE_MODULES = YES;
				"CODE_SIGN_IDENTITY[sdk=iphoneos*]" = "iPhone Developer";
				CODE_SIGN_STYLE = Automatic;
				DEVELOPMENT_TEAM = 6WUM855VUV;
				INFOPLIST_FILE = iDareU/Info.plist;
				IPHONEOS_DEPLOYMENT_TARGET = 11.2;
				LD_RUNPATH_SEARCH_PATHS = "$(inherited) @executable_path/Frameworks";
				PRODUCT_BUNDLE_IDENTIFIER = home.iDareU;
				PRODUCT_NAME = "$(TARGET_NAME)";
				PROVISIONING_PROFILE_SPECIFIER = "";
				SWIFT_OPTIMIZATION_LEVEL = "-Onone";
				SWIFT_VERSION = 4.0;
				TARGETED_DEVICE_FAMILY = 1;
			};
			name = Debug;
		};
		7650EA3C200095080011125B /* Release */ = {
			isa = XCBuildConfiguration;
			baseConfigurationReference = C39A2A0B395C8C0000E32A78 /* Pods-iDareU.release.xcconfig */;
			buildSettings = {
				ASSETCATALOG_COMPILER_APPICON_NAME = "idu-AppIcon";
				CLANG_ENABLE_MODULES = YES;
				"CODE_SIGN_IDENTITY[sdk=iphoneos*]" = "iPhone Developer";
				CODE_SIGN_STYLE = Automatic;
				DEVELOPMENT_TEAM = 6WUM855VUV;
				INFOPLIST_FILE = iDareU/Info.plist;
				IPHONEOS_DEPLOYMENT_TARGET = 11.2;
				LD_RUNPATH_SEARCH_PATHS = "$(inherited) @executable_path/Frameworks";
				PRODUCT_BUNDLE_IDENTIFIER = home.iDareU;
				PRODUCT_NAME = "$(TARGET_NAME)";
				PROVISIONING_PROFILE_SPECIFIER = "";
				SWIFT_VERSION = 4.0;
				TARGETED_DEVICE_FAMILY = 1;
			};
			name = Release;
		};
		7650EA3E200095080011125B /* Debug */ = {
			isa = XCBuildConfiguration;
			baseConfigurationReference = 3DD3C8E7632D58236CE2234B /* Pods-iDareUTests.debug.xcconfig */;
			buildSettings = {
				ALWAYS_EMBED_SWIFT_STANDARD_LIBRARIES = YES;
				BUNDLE_LOADER = "$(TEST_HOST)";
				CODE_SIGN_STYLE = Automatic;
				INFOPLIST_FILE = iDareUTests/Info.plist;
				LD_RUNPATH_SEARCH_PATHS = "$(inherited) @executable_path/Frameworks @loader_path/Frameworks";
				PRODUCT_BUNDLE_IDENTIFIER = home.iDareUTests;
				PRODUCT_NAME = "$(TARGET_NAME)";
				SWIFT_VERSION = 4.0;
				TARGETED_DEVICE_FAMILY = "1,2";
				TEST_HOST = "$(BUILT_PRODUCTS_DIR)/iDareU.app/iDareU";
			};
			name = Debug;
		};
		7650EA3F200095080011125B /* Release */ = {
			isa = XCBuildConfiguration;
			baseConfigurationReference = 58106837039975944E0C5076 /* Pods-iDareUTests.release.xcconfig */;
			buildSettings = {
				ALWAYS_EMBED_SWIFT_STANDARD_LIBRARIES = YES;
				BUNDLE_LOADER = "$(TEST_HOST)";
				CODE_SIGN_STYLE = Automatic;
				INFOPLIST_FILE = iDareUTests/Info.plist;
				LD_RUNPATH_SEARCH_PATHS = "$(inherited) @executable_path/Frameworks @loader_path/Frameworks";
				PRODUCT_BUNDLE_IDENTIFIER = home.iDareUTests;
				PRODUCT_NAME = "$(TARGET_NAME)";
				SWIFT_VERSION = 4.0;
				TARGETED_DEVICE_FAMILY = "1,2";
				TEST_HOST = "$(BUILT_PRODUCTS_DIR)/iDareU.app/iDareU";
			};
			name = Release;
		};
		7650EA41200095080011125B /* Debug */ = {
			isa = XCBuildConfiguration;
			baseConfigurationReference = FAF0F776D80CE0BBF508D543 /* Pods-iDareUUITests.debug.xcconfig */;
			buildSettings = {
				ALWAYS_EMBED_SWIFT_STANDARD_LIBRARIES = YES;
				CODE_SIGN_STYLE = Automatic;
				INFOPLIST_FILE = iDareUUITests/Info.plist;
				LD_RUNPATH_SEARCH_PATHS = "$(inherited) @executable_path/Frameworks @loader_path/Frameworks";
				PRODUCT_BUNDLE_IDENTIFIER = home.iDareUUITests;
				PRODUCT_NAME = "$(TARGET_NAME)";
				SWIFT_VERSION = 4.0;
				TARGETED_DEVICE_FAMILY = "1,2";
				TEST_TARGET_NAME = iDareU;
			};
			name = Debug;
		};
		7650EA42200095080011125B /* Release */ = {
			isa = XCBuildConfiguration;
			baseConfigurationReference = 72B9BB2359CF45DCBDCD06B1 /* Pods-iDareUUITests.release.xcconfig */;
			buildSettings = {
				ALWAYS_EMBED_SWIFT_STANDARD_LIBRARIES = YES;
				CODE_SIGN_STYLE = Automatic;
				INFOPLIST_FILE = iDareUUITests/Info.plist;
				LD_RUNPATH_SEARCH_PATHS = "$(inherited) @executable_path/Frameworks @loader_path/Frameworks";
				PRODUCT_BUNDLE_IDENTIFIER = home.iDareUUITests;
				PRODUCT_NAME = "$(TARGET_NAME)";
				SWIFT_VERSION = 4.0;
				TARGETED_DEVICE_FAMILY = "1,2";
				TEST_TARGET_NAME = iDareU;
			};
			name = Release;
		};
/* End XCBuildConfiguration section */

/* Begin XCConfigurationList section */
		7650EA0B200095070011125B /* Build configuration list for PBXProject "iDareU" */ = {
			isa = XCConfigurationList;
			buildConfigurations = (
				7650EA38200095080011125B /* Debug */,
				7650EA39200095080011125B /* Release */,
			);
			defaultConfigurationIsVisible = 0;
			defaultConfigurationName = Release;
		};
		7650EA3A200095080011125B /* Build configuration list for PBXNativeTarget "iDareU" */ = {
			isa = XCConfigurationList;
			buildConfigurations = (
				7650EA3B200095080011125B /* Debug */,
				7650EA3C200095080011125B /* Release */,
			);
			defaultConfigurationIsVisible = 0;
			defaultConfigurationName = Release;
		};
		7650EA3D200095080011125B /* Build configuration list for PBXNativeTarget "iDareUTests" */ = {
			isa = XCConfigurationList;
			buildConfigurations = (
				7650EA3E200095080011125B /* Debug */,
				7650EA3F200095080011125B /* Release */,
			);
			defaultConfigurationIsVisible = 0;
			defaultConfigurationName = Release;
		};
		7650EA40200095080011125B /* Build configuration list for PBXNativeTarget "iDareUUITests" */ = {
			isa = XCConfigurationList;
			buildConfigurations = (
				7650EA41200095080011125B /* Debug */,
				7650EA42200095080011125B /* Release */,
			);
			defaultConfigurationIsVisible = 0;
			defaultConfigurationName = Release;
		};
/* End XCConfigurationList section */

/* Begin XCVersionGroup section */
		760531CA201FEAC6009F9B05 /* Session.xcdatamodeld */ = {
			isa = XCVersionGroup;
			children = (
				760531CB201FEAC6009F9B05 /* SessionTracker.xcdatamodel */,
			);
			currentVersion = 760531CB201FEAC6009F9B05 /* SessionTracker.xcdatamodel */;
			path = Session.xcdatamodeld;
			sourceTree = "<group>";
			versionGroupType = wrapper.xcdatamodel;
		};
		76DDEEA9201929CD002CBE52 /* iDareU.xcdatamodeld */ = {
			isa = XCVersionGroup;
			children = (
				76DDEEAA201929CD002CBE52 /* User.xcdatamodel */,
			);
			currentVersion = 76DDEEAA201929CD002CBE52 /* User.xcdatamodel */;
			path = iDareU.xcdatamodeld;
			sourceTree = "<group>";
			versionGroupType = wrapper.xcdatamodel;
		};
/* End XCVersionGroup section */
	};
	rootObject = 7650EA08200095070011125B /* Project object */;
}
